
Microsoft Visual Studio Solution File, Format Version 12.00
# Visual Studio Version 16
VisualStudioVersion = 16.0.29519.181
MinimumVisualStudioVersion = 10.0.40219.1
Project("{9A19103F-16F7-4668-BE54-9A1E7A4F7556}") = "Presentation.Mvc", "Presentation.Mvc\Presentation.Mvc.csproj", "{6CC76F2E-E7BA-4AC4-85C4-08B28231DD4F}"
EndProject
Project("{2150E333-8FDC-42A3-9474-1A3956D46DE8}") = "1-Presentation", "1-Presentation", "{BB45E34B-330D-445B-95F0-6E9FACC078CD}"
EndProject
Project("{2150E333-8FDC-42A3-9474-1A3956D46DE8}") = "2-Appliccation", "2-Appliccation", "{AAE5A0EF-E72A-4DFC-BBF4-F234C8902E60}"
EndProject
Project("{2150E333-8FDC-42A3-9474-1A3956D46DE8}") = "3-Domain", "3-Domain", "{2C742012-E2DC-4D98-8FDB-7D576C2E3EB0}"
EndProject
Project("{9A19103F-16F7-4668-BE54-9A1E7A4F7556}") = "Domain", "Domain\Domain.csproj", "{92FAE531-9509-41DF-A4C7-B2C4C2060E78}"
EndProject
Project("{9A19103F-16F7-4668-BE54-9A1E7A4F7556}") = "Domain.Service", "Domain.Service\Domain.Service.csproj", "{3EE1F0D3-6452-4C4B-85A1-0B54CBF4B58F}"
EndProject
Project("{2150E333-8FDC-42A3-9474-1A3956D46DE8}") = "5-Common", "5-Common", "{76A6533C-20DF-4D17-BC32-1018BB873FC7}"
EndProject
Project("{2150E333-8FDC-42A3-9474-1A3956D46DE8}") = "4-Infrastructure", "4-Infrastructure", "{743B4C0F-4607-49DA-8135-FA8D1C1286AA}"
EndProject
Project("{9A19103F-16F7-4668-BE54-9A1E7A4F7556}") = "Infrastructure.Data.SqlServer", "Infrastructure.Data.SqlServer\Infrastructure.Data.SqlServer.csproj", "{8E9A563A-C516-4665-9045-2D69AA9BF05B}"
EndProject
Project("{9A19103F-16F7-4668-BE54-9A1E7A4F7556}") = "Common.Core.DependencyInjection", "Common.Core.DependencyInjection\Common.Core.DependencyInjection.csproj", "{D800FBFA-7294-4F17-9032-0393CED71AE0}"
EndProject
Project("{2150E333-8FDC-42A3-9474-1A3956D46DE8}") = "Tests", "Tests", "{AAEEB17E-1E76-49A2-BB52-77932A7C6D6F}"
EndProject
Project("{2150E333-8FDC-42A3-9474-1A3956D46DE8}") = "Projects", "Projects", "{3A7711EF-1D4B-4287-A040-C58E7F82B2AD}"
EndProject
Global
	GlobalSection(SolutionConfigurationPlatforms) = preSolution
		Debug|Any CPU = Debug|Any CPU
		Release|Any CPU = Release|Any CPU
	EndGlobalSection
	GlobalSection(ProjectConfigurationPlatforms) = postSolution
		{6CC76F2E-E7BA-4AC4-85C4-08B28231DD4F}.Debug|Any CPU.ActiveCfg = Debug|Any CPU
		{6CC76F2E-E7BA-4AC4-85C4-08B28231DD4F}.Debug|Any CPU.Build.0 = Debug|Any CPU
		{6CC76F2E-E7BA-4AC4-85C4-08B28231DD4F}.Release|Any CPU.ActiveCfg = Release|Any CPU
		{6CC76F2E-E7BA-4AC4-85C4-08B28231DD4F}.Release|Any CPU.Build.0 = Release|Any CPU
		{92FAE531-9509-41DF-A4C7-B2C4C2060E78}.Debug|Any CPU.ActiveCfg = Debug|Any CPU
		{92FAE531-9509-41DF-A4C7-B2C4C2060E78}.Debug|Any CPU.Build.0 = Debug|Any CPU
		{92FAE531-9509-41DF-A4C7-B2C4C2060E78}.Release|Any CPU.ActiveCfg = Release|Any CPU
		{92FAE531-9509-41DF-A4C7-B2C4C2060E78}.Release|Any CPU.Build.0 = Release|Any CPU
		{3EE1F0D3-6452-4C4B-85A1-0B54CBF4B58F}.Debug|Any CPU.ActiveCfg = Debug|Any CPU
		{3EE1F0D3-6452-4C4B-85A1-0B54CBF4B58F}.Debug|Any CPU.Build.0 = Debug|Any CPU
		{3EE1F0D3-6452-4C4B-85A1-0B54CBF4B58F}.Release|Any CPU.ActiveCfg = Release|Any CPU
		{3EE1F0D3-6452-4C4B-85A1-0B54CBF4B58F}.Release|Any CPU.Build.0 = Release|Any CPU
		{8E9A563A-C516-4665-9045-2D69AA9BF05B}.Debug|Any CPU.ActiveCfg = Debug|Any CPU
		{8E9A563A-C516-4665-9045-2D69AA9BF05B}.Debug|Any CPU.Build.0 = Debug|Any CPU
		{8E9A563A-C516-4665-9045-2D69AA9BF05B}.Release|Any CPU.ActiveCfg = Release|Any CPU
		{8E9A563A-C516-4665-9045-2D69AA9BF05B}.Release|Any CPU.Build.0 = Release|Any CPU
		{D800FBFA-7294-4F17-9032-0393CED71AE0}.Debug|Any CPU.ActiveCfg = Debug|Any CPU
		{D800FBFA-7294-4F17-9032-0393CED71AE0}.Debug|Any CPU.Build.0 = Debug|Any CPU
		{D800FBFA-7294-4F17-9032-0393CED71AE0}.Release|Any CPU.ActiveCfg = Release|Any CPU
		{D800FBFA-7294-4F17-9032-0393CED71AE0}.Release|Any CPU.Build.0 = Release|Any CPU
	EndGlobalSection
	GlobalSection(SolutionProperties) = preSolution
		HideSolutionNode = FALSE
	EndGlobalSection
	GlobalSection(NestedProjects) = preSolution
		{6CC76F2E-E7BA-4AC4-85C4-08B28231DD4F} = {BB45E34B-330D-445B-95F0-6E9FACC078CD}
		{BB45E34B-330D-445B-95F0-6E9FACC078CD} = {3A7711EF-1D4B-4287-A040-C58E7F82B2AD}
		{AAE5A0EF-E72A-4DFC-BBF4-F234C8902E60} = {3A7711EF-1D4B-4287-A040-C58E7F82B2AD}
		{2C742012-E2DC-4D98-8FDB-7D576C2E3EB0} = {3A7711EF-1D4B-4287-A040-C58E7F82B2AD}
		{92FAE531-9509-41DF-A4C7-B2C4C2060E78} = {2C742012-E2DC-4D98-8FDB-7D576C2E3EB0}
		{3EE1F0D3-6452-4C4B-85A1-0B54CBF4B58F} = {2C742012-E2DC-4D98-8FDB-7D576C2E3EB0}
		{76A6533C-20DF-4D17-BC32-1018BB873FC7} = {3A7711EF-1D4B-4287-A040-C58E7F82B2AD}
		{743B4C0F-4607-49DA-8135-FA8D1C1286AA} = {3A7711EF-1D4B-4287-A040-C58E7F82B2AD}
		{8E9A563A-C516-4665-9045-2D69AA9BF05B} = {743B4C0F-4607-49DA-8135-FA8D1C1286AA}
		{D800FBFA-7294-4F17-9032-0393CED71AE0} = {76A6533C-20DF-4D17-BC32-1018BB873FC7}
	EndGlobalSection
	GlobalSection(ExtensibilityGlobals) = postSolution
		SolutionGuid = {3AA2BF4D-F42E-424A-9FF7-DB6A08AD6D0E}
	EndGlobalSection
EndGlobal
